PODS:
  - Flurry-iOS-SDK (7.5.2):
    - Flurry-iOS-SDK/FlurrySDK (= 7.5.2)
  - Flurry-iOS-SDK/FlurrySDK (7.5.2)
  - GoogleAnalytics (3.14.0)
  - Intercom (2.3.19)
  - Localytics (3.8.0)
  - Mixpanel (2.9.4):
    - Mixpanel/Mixpanel (= 2.9.4)
  - Mixpanel/Mixpanel (2.9.4)

DEPENDENCIES:
  - Flurry-iOS-SDK
  - GoogleAnalytics
  - Intercom
  - Localytics
  - Mixpanel

SPEC CHECKSUMS:
  Flurry-iOS-SDK: 8c87c4eab6008184ad9f63afabd79ec0d109c82e
  GoogleAnalytics: 9be1afdb8deeac4bb5f13ca7f7d3b9db2a1f43dc
  Intercom: de20d3f2eeb7798aac66b26a7a7b92979211e05c
  Localytics: 8fd8455e92c5d5d507d1302e704e7db5ca2a33bf
  Mixpanel: 80d2ca9bb38ae91c1044d738e80fe448377ac89f

PODFILE CHECKSUM: 6e8fc3d4164c346fafab72cd49fba159cdcb5302

COCOAPODS: 1.0.0.beta.6
