PODS:
  - FlurrySDK (6.2.0):
    - FlurrySDK/FlurrySDK (= 6.2.0)
  - FlurrySDK/FlurrySDK (6.2.0)
  - GoogleAnalytics-iOS-SDK (3.11):
    - GoogleAnalytics-iOS-SDK/Core (= 3.11)
  - GoogleAnalytics-iOS-SDK/Core (3.11)
  - Mixpanel (2.8.0):
    - Mixpanel/Mixpanel (= 2.8.0)
  - Mixpanel/Mixpanel (2.8.0):
    - Mixpanel/MPCategoryHelpers
  - Mixpanel/MPCategoryHelpers (2.8.0)

DEPENDENCIES:
  - FlurrySDK
  - GoogleAnalytics-iOS-SDK
  - Mixpanel

SPEC CHECKSUMS:
  FlurrySDK: 6d8cc2f898589214ed72e481cf59cffa55b88fe0
  GoogleAnalytics-iOS-SDK: fb15cc7e3d01d06d531653f37443fda90274d53d
  Mixpanel: 933b51dd0c7914c80866b3753ef407dce353ebc9

COCOAPODS: 0.36.4
