// !$*UTF8*$!
{
	archiveVersion = 1;
	classes = {
	};
	objectVersion = 46;
	objects = {

/* Begin PBXBuildFile section */
		79175CAB1B9C395A000AB0CA /* HEAnalyticsPlatformIntercom.swift in Sources */ = {isa = PBXBuildFile; fileRef = 79175CAA1B9C395A000AB0CA /* HEAnalyticsPlatformIntercom.swift */; };
		791FBE711AFB76F000E3453C /* AppDelegate.swift in Sources */ = {isa = PBXBuildFile; fileRef = 791FBE701AFB76F000E3453C /* AppDelegate.swift */; };
		791FBE731AFB76F000E3453C /* FirstViewController.swift in Sources */ = {isa = PBXBuildFile; fileRef = 791FBE721AFB76F000E3453C /* FirstViewController.swift */; };
		791FBE751AFB76F000E3453C /* SecondViewController.swift in Sources */ = {isa = PBXBuildFile; fileRef = 791FBE741AFB76F000E3453C /* SecondViewController.swift */; };
		791FBE781AFB76F000E3453C /* Main.storyboard in Resources */ = {isa = PBXBuildFile; fileRef = 791FBE761AFB76F000E3453C /* Main.storyboard */; };
		791FBE7A1AFB76F000E3453C /* Images.xcassets in Resources */ = {isa = PBXBuildFile; fileRef = 791FBE791AFB76F000E3453C /* Images.xcassets */; };
		791FBE7D1AFB76F000E3453C /* LaunchScreen.xib in Resources */ = {isa = PBXBuildFile; fileRef = 791FBE7B1AFB76F000E3453C /* LaunchScreen.xib */; };
		791FBE891AFB76F000E3453C /* HEAnalyticsExampleTests.swift in Sources */ = {isa = PBXBuildFile; fileRef = 791FBE881AFB76F000E3453C /* HEAnalyticsExampleTests.swift */; };
		794B108D1AFB799300D93A51 /* HEAnalytics.swift in Sources */ = {isa = PBXBuildFile; fileRef = 794B10851AFB799300D93A51 /* HEAnalytics.swift */; };
		794B108E1AFB799300D93A51 /* HEAnalyticsData.swift in Sources */ = {isa = PBXBuildFile; fileRef = 794B10861AFB799300D93A51 /* HEAnalyticsData.swift */; };
		794B108F1AFB799300D93A51 /* HEAnalyticsPlatform.swift in Sources */ = {isa = PBXBuildFile; fileRef = 794B10871AFB799300D93A51 /* HEAnalyticsPlatform.swift */; };
		794B10901AFB799300D93A51 /* HEAnalyticsPlatformFlurry.swift in Sources */ = {isa = PBXBuildFile; fileRef = 794B10881AFB799300D93A51 /* HEAnalyticsPlatformFlurry.swift */; };
		794B10911AFB799300D93A51 /* HEAnalyticsPlatformGAI.swift in Sources */ = {isa = PBXBuildFile; fileRef = 794B10891AFB799300D93A51 /* HEAnalyticsPlatformGAI.swift */; };
		794B10921AFB799300D93A51 /* HEAnalyticsPlatformMixpanel.swift in Sources */ = {isa = PBXBuildFile; fileRef = 794B108A1AFB799300D93A51 /* HEAnalyticsPlatformMixpanel.swift */; };
		794B10931AFB799300D93A51 /* HEJSONHelper.swift in Sources */ = {isa = PBXBuildFile; fileRef = 794B108B1AFB799300D93A51 /* HEJSONHelper.swift */; };
		794B10941AFB799300D93A51 /* UIViewController+HEAnalytics.swift in Sources */ = {isa = PBXBuildFile; fileRef = 794B108C1AFB799300D93A51 /* UIViewController+HEAnalytics.swift */; };
		799860571AFCC5BD00C70A50 /* SampleAnalytics.swift in Sources */ = {isa = PBXBuildFile; fileRef = 799860561AFCC5BD00C70A50 /* SampleAnalytics.swift */; };
		A38557D5FD85E22805F9A167 /* libPods.a in Frameworks */ = {isa = PBXBuildFile; fileRef = C3900659B69E7C5ABD2A12D2 /* libPods.a */; };
/* End PBXBuildFile section */

/* Begin PBXContainerItemProxy section */
		791FBE831AFB76F000E3453C /* PBXContainerItemProxy */ = {
			isa = PBXContainerItemProxy;
			containerPortal = 791FBE631AFB76F000E3453C /* Project object */;
			proxyType = 1;
			remoteGlobalIDString = 791FBE6A1AFB76F000E3453C;
			remoteInfo = HEAnalyticsExample;
		};
/* End PBXContainerItemProxy section */

/* Begin PBXFileReference section */
		3C4DDED3DD9F2A52F9D4EBCC /* Pods.release.xcconfig */ = {isa = PBXFileReference; includeInIndex = 1; lastKnownFileType = text.xcconfig; name = Pods.release.xcconfig; path = "Pods/Target Support Files/Pods/Pods.release.xcconfig"; sourceTree = "<group>"; };
		79175CAA1B9C395A000AB0CA /* HEAnalyticsPlatformIntercom.swift */ = {isa = PBXFileReference; fileEncoding = 4; lastKnownFileType = sourcecode.swift; path = HEAnalyticsPlatformIntercom.swift; sourceTree = "<group>"; };
		791FBE6B1AFB76F000E3453C /* HEAnalyticsExample.app */ = {isa = PBXFileReference; explicitFileType = wrapper.application; includeInIndex = 0; path = HEAnalyticsExample.app; sourceTree = BUILT_PRODUCTS_DIR; };
		791FBE6F1AFB76F000E3453C /* Info.plist */ = {isa = PBXFileReference; lastKnownFileType = text.plist.xml; path = Info.plist; sourceTree = "<group>"; };
		791FBE701AFB76F000E3453C /* AppDelegate.swift */ = {isa = PBXFileReference; lastKnownFileType = sourcecode.swift; path = AppDelegate.swift; sourceTree = "<group>"; };
		791FBE721AFB76F000E3453C /* FirstViewController.swift */ = {isa = PBXFileReference; lastKnownFileType = sourcecode.swift; path = FirstViewController.swift; sourceTree = "<group>"; };
		791FBE741AFB76F000E3453C /* SecondViewController.swift */ = {isa = PBXFileReference; lastKnownFileType = sourcecode.swift; path = SecondViewController.swift; sourceTree = "<group>"; };
		791FBE771AFB76F000E3453C /* Base */ = {isa = PBXFileReference; lastKnownFileType = file.storyboard; name = Base; path = Base.lproj/Main.storyboard; sourceTree = "<group>"; };
		791FBE791AFB76F000E3453C /* Images.xcassets */ = {isa = PBXFileReference; lastKnownFileType = folder.assetcatalog; path = Images.xcassets; sourceTree = "<group>"; };
		791FBE7C1AFB76F000E3453C /* Base */ = {isa = PBXFileReference; lastKnownFileType = file.xib; name = Base; path = Base.lproj/LaunchScreen.xib; sourceTree = "<group>"; };
		791FBE821AFB76F000E3453C /* HEAnalyticsExampleTests.xctest */ = {isa = PBXFileReference; explicitFileType = wrapper.cfbundle; includeInIndex = 0; path = HEAnalyticsExampleTests.xctest; sourceTree = BUILT_PRODUCTS_DIR; };
		791FBE871AFB76F000E3453C /* Info.plist */ = {isa = PBXFileReference; lastKnownFileType = text.plist.xml; path = Info.plist; sourceTree = "<group>"; };
		791FBE881AFB76F000E3453C /* HEAnalyticsExampleTests.swift */ = {isa = PBXFileReference; lastKnownFileType = sourcecode.swift; path = HEAnalyticsExampleTests.swift; sourceTree = "<group>"; };
		794B10851AFB799300D93A51 /* HEAnalytics.swift */ = {isa = PBXFileReference; fileEncoding = 4; lastKnownFileType = sourcecode.swift; path = HEAnalytics.swift; sourceTree = "<group>"; };
		794B10861AFB799300D93A51 /* HEAnalyticsData.swift */ = {isa = PBXFileReference; fileEncoding = 4; lastKnownFileType = sourcecode.swift; path = HEAnalyticsData.swift; sourceTree = "<group>"; };
		794B10871AFB799300D93A51 /* HEAnalyticsPlatform.swift */ = {isa = PBXFileReference; fileEncoding = 4; lastKnownFileType = sourcecode.swift; path = HEAnalyticsPlatform.swift; sourceTree = "<group>"; };
		794B10881AFB799300D93A51 /* HEAnalyticsPlatformFlurry.swift */ = {isa = PBXFileReference; fileEncoding = 4; lastKnownFileType = sourcecode.swift; path = HEAnalyticsPlatformFlurry.swift; sourceTree = "<group>"; };
		794B10891AFB799300D93A51 /* HEAnalyticsPlatformGAI.swift */ = {isa = PBXFileReference; fileEncoding = 4; lastKnownFileType = sourcecode.swift; path = HEAnalyticsPlatformGAI.swift; sourceTree = "<group>"; };
		794B108A1AFB799300D93A51 /* HEAnalyticsPlatformMixpanel.swift */ = {isa = PBXFileReference; fileEncoding = 4; lastKnownFileType = sourcecode.swift; path = HEAnalyticsPlatformMixpanel.swift; sourceTree = "<group>"; };
		794B108B1AFB799300D93A51 /* HEJSONHelper.swift */ = {isa = PBXFileReference; fileEncoding = 4; lastKnownFileType = sourcecode.swift; path = HEJSONHelper.swift; sourceTree = "<group>"; };
		794B108C1AFB799300D93A51 /* UIViewController+HEAnalytics.swift */ = {isa = PBXFileReference; fileEncoding = 4; lastKnownFileType = sourcecode.swift; path = "UIViewController+HEAnalytics.swift"; sourceTree = "<group>"; };
		794B10951AFB7A4100D93A51 /* HEAnalyticsExample-Bridging-Header.h */ = {isa = PBXFileReference; lastKnownFileType = sourcecode.c.h; path = "HEAnalyticsExample-Bridging-Header.h"; sourceTree = "<group>"; };
		799860561AFCC5BD00C70A50 /* SampleAnalytics.swift */ = {isa = PBXFileReference; fileEncoding = 4; lastKnownFileType = sourcecode.swift; path = SampleAnalytics.swift; sourceTree = "<group>"; };
		C3900659B69E7C5ABD2A12D2 /* libPods.a */ = {isa = PBXFileReference; explicitFileType = archive.ar; includeInIndex = 0; path = libPods.a; sourceTree = BUILT_PRODUCTS_DIR; };
		D1FB6D3D95B4C56DF5DB3762 /* Pods.debug.xcconfig */ = {isa = PBXFileReference; includeInIndex = 1; lastKnownFileType = text.xcconfig; name = Pods.debug.xcconfig; path = "Pods/Target Support Files/Pods/Pods.debug.xcconfig"; sourceTree = "<group>"; };
/* End PBXFileReference section */

/* Begin PBXFrameworksBuildPhase section */
		791FBE681AFB76F000E3453C /* Frameworks */ = {
			isa = PBXFrameworksBuildPhase;
			buildActionMask = 2147483647;
			files = (
				A38557D5FD85E22805F9A167 /* libPods.a in Frameworks */,
			);
			runOnlyForDeploymentPostprocessing = 0;
		};
		791FBE7F1AFB76F000E3453C /* Frameworks */ = {
			isa = PBXFrameworksBuildPhase;
			buildActionMask = 2147483647;
			files = (
			);
			runOnlyForDeploymentPostprocessing = 0;
		};
/* End PBXFrameworksBuildPhase section */

/* Begin PBXGroup section */
		585EB69047BCD6B9C2889A51 /* Pods */ = {
			isa = PBXGroup;
			children = (
				D1FB6D3D95B4C56DF5DB3762 /* Pods.debug.xcconfig */,
				3C4DDED3DD9F2A52F9D4EBCC /* Pods.release.xcconfig */,
			);
			name = Pods;
			sourceTree = "<group>";
		};
		791FBE621AFB76F000E3453C = {
			isa = PBXGroup;
			children = (
				794B10841AFB799300D93A51 /* HEAnalytics */,
				791FBE6D1AFB76F000E3453C /* HEAnalyticsExample */,
				791FBE851AFB76F000E3453C /* HEAnalyticsExampleTests */,
				791FBE6C1AFB76F000E3453C /* Products */,
				585EB69047BCD6B9C2889A51 /* Pods */,
				D952D336F3218A19D4273B4E /* Frameworks */,
			);
			sourceTree = "<group>";
		};
		791FBE6C1AFB76F000E3453C /* Products */ = {
			isa = PBXGroup;
			children = (
				791FBE6B1AFB76F000E3453C /* HEAnalyticsExample.app */,
				791FBE821AFB76F000E3453C /* HEAnalyticsExampleTests.xctest */,
			);
			name = Products;
			sourceTree = "<group>";
		};
		791FBE6D1AFB76F000E3453C /* HEAnalyticsExample */ = {
			isa = PBXGroup;
			children = (
				799860561AFCC5BD00C70A50 /* SampleAnalytics.swift */,
				791FBE701AFB76F000E3453C /* AppDelegate.swift */,
				791FBE721AFB76F000E3453C /* FirstViewController.swift */,
				791FBE741AFB76F000E3453C /* SecondViewController.swift */,
				791FBE761AFB76F000E3453C /* Main.storyboard */,
				791FBE791AFB76F000E3453C /* Images.xcassets */,
				791FBE7B1AFB76F000E3453C /* LaunchScreen.xib */,
				791FBE6E1AFB76F000E3453C /* Supporting Files */,
			);
			path = HEAnalyticsExample;
			sourceTree = "<group>";
		};
		791FBE6E1AFB76F000E3453C /* Supporting Files */ = {
			isa = PBXGroup;
			children = (
				791FBE6F1AFB76F000E3453C /* Info.plist */,
				794B10951AFB7A4100D93A51 /* HEAnalyticsExample-Bridging-Header.h */,
			);
			name = "Supporting Files";
			sourceTree = "<group>";
		};
		791FBE851AFB76F000E3453C /* HEAnalyticsExampleTests */ = {
			isa = PBXGroup;
			children = (
				791FBE881AFB76F000E3453C /* HEAnalyticsExampleTests.swift */,
				791FBE861AFB76F000E3453C /* Supporting Files */,
			);
			path = HEAnalyticsExampleTests;
			sourceTree = "<group>";
		};
		791FBE861AFB76F000E3453C /* Supporting Files */ = {
			isa = PBXGroup;
			children = (
				791FBE871AFB76F000E3453C /* Info.plist */,
			);
			name = "Supporting Files";
			sourceTree = "<group>";
		};
		794B10841AFB799300D93A51 /* HEAnalytics */ = {
			isa = PBXGroup;
			children = (
				794B10851AFB799300D93A51 /* HEAnalytics.swift */,
				794B10861AFB799300D93A51 /* HEAnalyticsData.swift */,
				794B10871AFB799300D93A51 /* HEAnalyticsPlatform.swift */,
				794B10881AFB799300D93A51 /* HEAnalyticsPlatformFlurry.swift */,
				794B10891AFB799300D93A51 /* HEAnalyticsPlatformGAI.swift */,
				79175CAA1B9C395A000AB0CA /* HEAnalyticsPlatformIntercom.swift */,
				794B108A1AFB799300D93A51 /* HEAnalyticsPlatformMixpanel.swift */,
				794B108B1AFB799300D93A51 /* HEJSONHelper.swift */,
				794B108C1AFB799300D93A51 /* UIViewController+HEAnalytics.swift */,
			);
			name = HEAnalytics;
			path = ../HEAnalytics;
			sourceTree = "<group>";
		};
		D952D336F3218A19D4273B4E /* Frameworks */ = {
			isa = PBXGroup;
			children = (
				C3900659B69E7C5ABD2A12D2 /* libPods.a */,
			);
			name = Frameworks;
			sourceTree = "<group>";
		};
/* End PBXGroup section */

/* Begin PBXNativeTarget section */
		791FBE6A1AFB76F000E3453C /* HEAnalyticsExample */ = {
			isa = PBXNativeTarget;
			buildConfigurationList = 791FBE8C1AFB76F000E3453C /* Build configuration list for PBXNativeTarget "HEAnalyticsExample" */;
			buildPhases = (
				E0393E6E471229E03CBD6C30 /* Check Pods Manifest.lock */,
				791FBE671AFB76F000E3453C /* Sources */,
				791FBE681AFB76F000E3453C /* Frameworks */,
				791FBE691AFB76F000E3453C /* Resources */,
				32B7D6E56AEFFD870DE7E27D /* Copy Pods Resources */,
				799860551AFCC41300C70A50 /* Run Script - HEAnalytics Config */,
			);
			buildRules = (
			);
			dependencies = (
			);
			name = HEAnalyticsExample;
			productName = HEAnalyticsExample;
			productReference = 791FBE6B1AFB76F000E3453C /* HEAnalyticsExample.app */;
			productType = "com.apple.product-type.application";
		};
		791FBE811AFB76F000E3453C /* HEAnalyticsExampleTests */ = {
			isa = PBXNativeTarget;
			buildConfigurationList = 791FBE8F1AFB76F000E3453C /* Build configuration list for PBXNativeTarget "HEAnalyticsExampleTests" */;
			buildPhases = (
				791FBE7E1AFB76F000E3453C /* Sources */,
				791FBE7F1AFB76F000E3453C /* Frameworks */,
				791FBE801AFB76F000E3453C /* Resources */,
			);
			buildRules = (
			);
			dependencies = (
				791FBE841AFB76F000E3453C /* PBXTargetDependency */,
			);
			name = HEAnalyticsExampleTests;
			productName = HEAnalyticsExampleTests;
			productReference = 791FBE821AFB76F000E3453C /* HEAnalyticsExampleTests.xctest */;
			productType = "com.apple.product-type.bundle.unit-test";
		};
/* End PBXNativeTarget section */

/* Begin PBXProject section */
		791FBE631AFB76F000E3453C /* Project object */ = {
			isa = PBXProject;
			attributes = {
				LastSwiftMigration = 0700;
				LastSwiftUpdateCheck = 0700;
				LastUpgradeCheck = 0700;
				ORGANIZATIONNAME = "Hsoi Enterprises LLC";
				TargetAttributes = {
					791FBE6A1AFB76F000E3453C = {
						CreatedOnToolsVersion = 6.4;
					};
					791FBE811AFB76F000E3453C = {
						CreatedOnToolsVersion = 6.4;
						TestTargetID = 791FBE6A1AFB76F000E3453C;
					};
				};
			};
			buildConfigurationList = 791FBE661AFB76F000E3453C /* Build configuration list for PBXProject "HEAnalyticsExample" */;
			compatibilityVersion = "Xcode 3.2";
			developmentRegion = English;
			hasScannedForEncodings = 0;
			knownRegions = (
				en,
				Base,
			);
			mainGroup = 791FBE621AFB76F000E3453C;
			productRefGroup = 791FBE6C1AFB76F000E3453C /* Products */;
			projectDirPath = "";
			projectRoot = "";
			targets = (
				791FBE6A1AFB76F000E3453C /* HEAnalyticsExample */,
				791FBE811AFB76F000E3453C /* HEAnalyticsExampleTests */,
			);
		};
/* End PBXProject section */

/* Begin PBXResourcesBuildPhase section */
		791FBE691AFB76F000E3453C /* Resources */ = {
			isa = PBXResourcesBuildPhase;
			buildActionMask = 2147483647;
			files = (
				791FBE781AFB76F000E3453C /* Main.storyboard in Resources */,
				791FBE7D1AFB76F000E3453C /* LaunchScreen.xib in Resources */,
				791FBE7A1AFB76F000E3453C /* Images.xcassets in Resources */,
			);
			runOnlyForDeploymentPostprocessing = 0;
		};
		791FBE801AFB76F000E3453C /* Resources */ = {
			isa = PBXResourcesBuildPhase;
			buildActionMask = 2147483647;
			files = (
			);
			runOnlyForDeploymentPostprocessing = 0;
		};
/* End PBXResourcesBuildPhase section */

/* Begin PBXShellScriptBuildPhase section */
		32B7D6E56AEFFD870DE7E27D /* Copy Pods Resources */ = {
			isa = PBXShellScriptBuildPhase;
			buildActionMask = 2147483647;
			files = (
			);
			inputPaths = (
			);
			name = "Copy Pods Resources";
			outputPaths = (
			);
			runOnlyForDeploymentPostprocessing = 0;
			shellPath = /bin/sh;
			shellScript = "\"${SRCROOT}/Pods/Target Support Files/Pods/Pods-resources.sh\"\n";
			showEnvVarsInLog = 0;
		};
		799860551AFCC41300C70A50 /* Run Script - HEAnalytics Config */ = {
			isa = PBXShellScriptBuildPhase;
			buildActionMask = 2147483647;
			files = (
			);
			inputPaths = (
			);
			name = "Run Script - HEAnalytics Config";
			outputPaths = (
			);
			runOnlyForDeploymentPostprocessing = 0;
			shellPath = /bin/sh;
			shellScript = "script_file=\"AppBuildPostflight.rb\"\n\necho \"Running a custom build phase script: $script_file\"\n${PROJECT_DIR}/HEAnalyticsExample/BuildScripts/${script_file}\nscriptExitStatus=$?\necho \"DONE with script: ${script_file} (exitStatus=${scriptExitStatus})\\n\\n\"\nexit \"${scriptExitStatus}\"\n";
		};
		E0393E6E471229E03CBD6C30 /* Check Pods Manifest.lock */ = {
			isa = PBXShellScriptBuildPhase;
			buildActionMask = 2147483647;
			files = (
			);
			inputPaths = (
			);
			name = "Check Pods Manifest.lock";
			outputPaths = (
			);
			runOnlyForDeploymentPostprocessing = 0;
			shellPath = /bin/sh;
			shellScript = "diff \"${PODS_ROOT}/../Podfile.lock\" \"${PODS_ROOT}/Manifest.lock\" > /dev/null\nif [[ $? != 0 ]] ; then\n    cat << EOM\nerror: The sandbox is not in sync with the Podfile.lock. Run 'pod install' or update your CocoaPods installation.\nEOM\n    exit 1\nfi\n";
			showEnvVarsInLog = 0;
		};
/* End PBXShellScriptBuildPhase section */

/* Begin PBXSourcesBuildPhase section */
		791FBE671AFB76F000E3453C /* Sources */ = {
			isa = PBXSourcesBuildPhase;
			buildActionMask = 2147483647;
			files = (
				791FBE751AFB76F000E3453C /* SecondViewController.swift in Sources */,
				794B10941AFB799300D93A51 /* UIViewController+HEAnalytics.swift in Sources */,
				794B108E1AFB799300D93A51 /* HEAnalyticsData.swift in Sources */,
				794B10911AFB799300D93A51 /* HEAnalyticsPlatformGAI.swift in Sources */,
				794B108D1AFB799300D93A51 /* HEAnalytics.swift in Sources */,
				794B10931AFB799300D93A51 /* HEJSONHelper.swift in Sources */,
				79175CAB1B9C395A000AB0CA /* HEAnalyticsPlatformIntercom.swift in Sources */,
				794B10901AFB799300D93A51 /* HEAnalyticsPlatformFlurry.swift in Sources */,
				791FBE711AFB76F000E3453C /* AppDelegate.swift in Sources */,
				794B108F1AFB799300D93A51 /* HEAnalyticsPlatform.swift in Sources */,
				791FBE731AFB76F000E3453C /* FirstViewController.swift in Sources */,
				799860571AFCC5BD00C70A50 /* SampleAnalytics.swift in Sources */,
				794B10921AFB799300D93A51 /* HEAnalyticsPlatformMixpanel.swift in Sources */,
			);
			runOnlyForDeploymentPostprocessing = 0;
		};
		791FBE7E1AFB76F000E3453C /* Sources */ = {
			isa = PBXSourcesBuildPhase;
			buildActionMask = 2147483647;
			files = (
				791FBE891AFB76F000E3453C /* HEAnalyticsExampleTests.swift in Sources */,
			);
			runOnlyForDeploymentPostprocessing = 0;
		};
/* End PBXSourcesBuildPhase section */

/* Begin PBXTargetDependency section */
		791FBE841AFB76F000E3453C /* PBXTargetDependency */ = {
			isa = PBXTargetDependency;
			target = 791FBE6A1AFB76F000E3453C /* HEAnalyticsExample */;
			targetProxy = 791FBE831AFB76F000E3453C /* PBXContainerItemProxy */;
		};
/* End PBXTargetDependency section */

/* Begin PBXVariantGroup section */
		791FBE761AFB76F000E3453C /* Main.storyboard */ = {
			isa = PBXVariantGroup;
			children = (
				791FBE771AFB76F000E3453C /* Base */,
			);
			name = Main.storyboard;
			sourceTree = "<group>";
		};
		791FBE7B1AFB76F000E3453C /* LaunchScreen.xib */ = {
			isa = PBXVariantGroup;
			children = (
				791FBE7C1AFB76F000E3453C /* Base */,
			);
			name = LaunchScreen.xib;
			sourceTree = "<group>";
		};
/* End PBXVariantGroup section */

/* Begin XCBuildConfiguration section */
		791FBE8A1AFB76F000E3453C /* Debug */ = {
			isa = XCBuildConfiguration;
			buildSettings = {
				ALWAYS_SEARCH_USER_PATHS = NO;
				CLANG_CXX_LANGUAGE_STANDARD = "gnu++0x";
				CLANG_CXX_LIBRARY = "libc++";
				CLANG_ENABLE_MODULES = YES;
				CLANG_ENABLE_OBJC_ARC = YES;
				CLANG_WARN_BOOL_CONVERSION = YES;
				CLANG_WARN_CONSTANT_CONVERSION = YES;
				CLANG_WARN_DIRECT_OBJC_ISA_USAGE = YES_ERROR;
				CLANG_WARN_EMPTY_BODY = YES;
				CLANG_WARN_ENUM_CONVERSION = YES;
				CLANG_WARN_INT_CONVERSION = YES;
				CLANG_WARN_OBJC_ROOT_CLASS = YES_ERROR;
				CLANG_WARN_UNREACHABLE_CODE = YES;
				CLANG_WARN__DUPLICATE_METHOD_MATCH = YES;
				"CODE_SIGN_IDENTITY[sdk=iphoneos*]" = "iPhone Developer";
				COPY_PHASE_STRIP = NO;
				DEBUG_INFORMATION_FORMAT = "dwarf-with-dsym";
				ENABLE_STRICT_OBJC_MSGSEND = YES;
				ENABLE_TESTABILITY = YES;
				GCC_C_LANGUAGE_STANDARD = gnu99;
				GCC_DYNAMIC_NO_PIC = NO;
				GCC_NO_COMMON_BLOCKS = YES;
				GCC_OPTIMIZATION_LEVEL = 0;
				GCC_PREPROCESSOR_DEFINITIONS = (
					"DEBUG=1",
					"$(inherited)",
				);
				GCC_SYMBOLS_PRIVATE_EXTERN = NO;
				GCC_WARN_64_TO_32_BIT_CONVERSION = YES;
				GCC_WARN_ABOUT_RETURN_TYPE = YES_ERROR;
				GCC_WARN_UNDECLARED_SELECTOR = YES;
				GCC_WARN_UNINITIALIZED_AUTOS = YES_AGGRESSIVE;
				GCC_WARN_UNUSED_FUNCTION = YES;
				GCC_WARN_UNUSED_VARIABLE = YES;
				IPHONEOS_DEPLOYMENT_TARGET = 8.4;
				MTL_ENABLE_DEBUG_INFO = YES;
				ONLY_ACTIVE_ARCH = YES;
				SDKROOT = iphoneos;
				SWIFT_OPTIMIZATION_LEVEL = "-Onone";
			};
			name = Debug;
		};
		791FBE8B1AFB76F000E3453C /* Release */ = {
			isa = XCBuildConfiguration;
			buildSettings = {
				ALWAYS_SEARCH_USER_PATHS = NO;
				CLANG_CXX_LANGUAGE_STANDARD = "gnu++0x";
				CLANG_CXX_LIBRARY = "libc++";
				CLANG_ENABLE_MODULES = YES;
				CLANG_ENABLE_OBJC_ARC = YES;
				CLANG_WARN_BOOL_CONVERSION = YES;
				CLANG_WARN_CONSTANT_CONVERSION = YES;
				CLANG_WARN_DIRECT_OBJC_ISA_USAGE = YES_ERROR;
				CLANG_WARN_EMPTY_BODY = YES;
				CLANG_WARN_ENUM_CONVERSION = YES;
				CLANG_WARN_INT_CONVERSION = YES;
				CLANG_WARN_OBJC_ROOT_CLASS = YES_ERROR;
				CLANG_WARN_UNREACHABLE_CODE = YES;
				CLANG_WARN__DUPLICATE_METHOD_MATCH = YES;
				"CODE_SIGN_IDENTITY[sdk=iphoneos*]" = "iPhone Developer";
				COPY_PHASE_STRIP = NO;
				DEBUG_INFORMATION_FORMAT = "dwarf-with-dsym";
				ENABLE_NS_ASSERTIONS = NO;
				ENABLE_STRICT_OBJC_MSGSEND = YES;
				GCC_C_LANGUAGE_STANDARD = gnu99;
				GCC_NO_COMMON_BLOCKS = YES;
				GCC_WARN_64_TO_32_BIT_CONVERSION = YES;
				GCC_WARN_ABOUT_RETURN_TYPE = YES_ERROR;
				GCC_WARN_UNDECLARED_SELECTOR = YES;
				GCC_WARN_UNINITIALIZED_AUTOS = YES_AGGRESSIVE;
				GCC_WARN_UNUSED_FUNCTION = YES;
				GCC_WARN_UNUSED_VARIABLE = YES;
				IPHONEOS_DEPLOYMENT_TARGET = 8.4;
				MTL_ENABLE_DEBUG_INFO = NO;
				SDKROOT = iphoneos;
				VALIDATE_PRODUCT = YES;
			};
			name = Release;
		};
		791FBE8D1AFB76F000E3453C /* Debug */ = {
			isa = XCBuildConfiguration;
			baseConfigurationReference = D1FB6D3D95B4C56DF5DB3762 /* Pods.debug.xcconfig */;
			buildSettings = {
				ASSETCATALOG_COMPILER_APPICON_NAME = AppIcon;
				INFOPLIST_FILE = HEAnalyticsExample/Info.plist;
				IPHONEOS_DEPLOYMENT_TARGET = 8.0;
				LD_RUNPATH_SEARCH_PATHS = "$(inherited) @executable_path/Frameworks";
				PRODUCT_BUNDLE_IDENTIFIER = "com.hsoienterprises.$(PRODUCT_NAME:rfc1034identifier)";
				PRODUCT_NAME = "$(TARGET_NAME)";
				SWIFT_OBJC_BRIDGING_HEADER = "HEAnalyticsExample/HEAnalyticsExample-Bridging-Header.h";
			};
			name = Debug;
		};
		791FBE8E1AFB76F000E3453C /* Release */ = {
			isa = XCBuildConfiguration;
			baseConfigurationReference = 3C4DDED3DD9F2A52F9D4EBCC /* Pods.release.xcconfig */;
			buildSettings = {
				ASSETCATALOG_COMPILER_APPICON_NAME = AppIcon;
				INFOPLIST_FILE = HEAnalyticsExample/Info.plist;
				IPHONEOS_DEPLOYMENT_TARGET = 8.0;
				LD_RUNPATH_SEARCH_PATHS = "$(inherited) @executable_path/Frameworks";
				PRODUCT_BUNDLE_IDENTIFIER = "com.hsoienterprises.$(PRODUCT_NAME:rfc1034identifier)";
				PRODUCT_NAME = "$(TARGET_NAME)";
				SWIFT_OBJC_BRIDGING_HEADER = "HEAnalyticsExample/HEAnalyticsExample-Bridging-Header.h";
			};
			name = Release;
		};
		791FBE901AFB76F000E3453C /* Debug */ = {
			isa = XCBuildConfiguration;
			buildSettings = {
				BUNDLE_LOADER = "$(TEST_HOST)";
				FRAMEWORK_SEARCH_PATHS = (
					"$(SDKROOT)/Developer/Library/Frameworks",
					"$(inherited)",
				);
				GCC_PREPROCESSOR_DEFINITIONS = (
					"DEBUG=1",
					"$(inherited)",
				);
				INFOPLIST_FILE = HEAnalyticsExampleTests/Info.plist;
				IPHONEOS_DEPLOYMENT_TARGET = 8.0;
				LD_RUNPATH_SEARCH_PATHS = "$(inherited) @executable_path/Frameworks @loader_path/Frameworks";
				PRODUCT_BUNDLE_IDENTIFIER = "com.hsoienterprises.heanalyticssample.$(PRODUCT_NAME:rfc1034identifier)";
				PRODUCT_NAME = "$(TARGET_NAME)";
				TEST_HOST = "$(BUILT_PRODUCTS_DIR)/HEAnalyticsExample.app/HEAnalyticsExample";
			};
			name = Debug;
		};
		791FBE911AFB76F000E3453C /* Release */ = {
			isa = XCBuildConfiguration;
			buildSettings = {
				BUNDLE_LOADER = "$(TEST_HOST)";
				FRAMEWORK_SEARCH_PATHS = (
					"$(SDKROOT)/Developer/Library/Frameworks",
					"$(inherited)",
				);
				INFOPLIST_FILE = HEAnalyticsExampleTests/Info.plist;
				IPHONEOS_DEPLOYMENT_TARGET = 8.0;
				LD_RUNPATH_SEARCH_PATHS = "$(inherited) @executable_path/Frameworks @loader_path/Frameworks";
				PRODUCT_BUNDLE_IDENTIFIER = "com.hsoienterprises.heanalyticssample.$(PRODUCT_NAME:rfc1034identifier)";
				PRODUCT_NAME = "$(TARGET_NAME)";
				TEST_HOST = "$(BUILT_PRODUCTS_DIR)/HEAnalyticsExample.app/HEAnalyticsExample";
			};
			name = Release;
		};
/* End XCBuildConfiguration section */

/* Begin XCConfigurationList section */
		791FBE661AFB76F000E3453C /* Build configuration list for PBXProject "HEAnalyticsExample" */ = {
			isa = XCConfigurationList;
			buildConfigurations = (
				791FBE8A1AFB76F000E3453C /* Debug */,
				791FBE8B1AFB76F000E3453C /* Release */,
			);
			defaultConfigurationIsVisible = 0;
			defaultConfigurationName = Release;
		};
		791FBE8C1AFB76F000E3453C /* Build configuration list for PBXNativeTarget "HEAnalyticsExample" */ = {
			isa = XCConfigurationList;
			buildConfigurations = (
				791FBE8D1AFB76F000E3453C /* Debug */,
				791FBE8E1AFB76F000E3453C /* Release */,
			);
			defaultConfigurationIsVisible = 0;
			defaultConfigurationName = Release;
		};
		791FBE8F1AFB76F000E3453C /* Build configuration list for PBXNativeTarget "HEAnalyticsExampleTests" */ = {
			isa = XCConfigurationList;
			buildConfigurations = (
				791FBE901AFB76F000E3453C /* Debug */,
				791FBE911AFB76F000E3453C /* Release */,
			);
			defaultConfigurationIsVisible = 0;
			defaultConfigurationName = Release;
		};
/* End XCConfigurationList section */
	};
	rootObject = 791FBE631AFB76F000E3453C /* Project object */;
}
